{
  "version": "5",
  "specifiers": {
    "jsr:@std/assert@1": "1.0.19",
    "jsr:@std/internal@^1.0.12": "1.0.14"
  },
  "jsr": {
    "@std/assert@1.0.19": {
      "integrity": "eaada96ee120cb980bc47e040f82814d786fe8162ecc53c91d8df60b8755991e",
      "dependencies": [
        "jsr:@std/internal"
      ]
    },
    "@std/internal@1.0.14": {
      "integrity": "291516b3d4c35024d6ffbc0a9df5bf4c64116e05b50012cf846710152d2ffdf7"
    }
  },
  "redirects": {
    "https://esm.sh/@supabase/node-fetch@^2.6.14?target=denonext": "https://esm.sh/@supabase/node-fetch@2.6.15?target=denonext",
    "https://esm.sh/@types/bcryptjs@~2.4.6/index.d.ts": "https://esm.sh/@types/bcryptjs@2.4.6/index.d.ts",
    "https://esm.sh/@types/ws@~8.18.1/index.d.mts": "https://esm.sh/@types/ws@8.18.1/index.d.mts",
    "https://esm.sh/bufferutil@^4.0.1?target=denonext": "https://esm.sh/bufferutil@4.1.0?target=denonext",
    "https://esm.sh/node-gyp-build@^4.3.0?target=denonext": "https://esm.sh/node-gyp-build@4.8.4?target=denonext",
    "https://esm.sh/tr46@~0.0.3?target=denonext": "https://esm.sh/tr46@0.0.3?target=denonext",
    "https://esm.sh/utf-8-validate@%3E=5.0.2?target=denonext": "https://esm.sh/utf-8-validate@6.0.6?target=denonext",
    "https://esm.sh/webidl-conversions@^3.0.0?target=denonext": "https://esm.sh/webidl-conversions@3.0.1?target=denonext",
    "https://esm.sh/whatwg-url@^5.0.0?target=denonext": "https://esm.sh/whatwg-url@5.0.0?target=denonext",
    "https://esm.sh/ws@^8.14.2?target=denonext": "https://esm.sh/ws@8.21.0?target=denonext",
    "https://esm.sh/ws@^8.18.0?target=denonext": "https://esm.sh/ws@8.21.1?target=denonext"
  },
  "remote": {
    "https://deno.land/std@0.168.0/async/abortable.ts": "80b2ac399f142cc528f95a037a7d0e653296352d95c681e284533765961de409",
    "https://deno.land/std@0.168.0/async/deadline.ts": "2c2deb53c7c28ca1dda7a3ad81e70508b1ebc25db52559de6b8636c9278fd41f",
    "https://deno.land/std@0.168.0/async/debounce.ts": "60301ffb37e730cd2d6f9dadfd0ecb2a38857681bd7aaf6b0a106b06e5210a98",
    "https://deno.land/std@0.168.0/async/deferred.ts": "77d3f84255c3627f1cc88699d8472b664d7635990d5358c4351623e098e917d6",
    "https://deno.land/std@0.168.0/async/delay.ts": "5a9bfba8de38840308a7a33786a0155a7f6c1f7a859558ddcec5fe06e16daf57",
    "https://deno.land/std@0.168.0/async/mod.ts": "7809ad4bb223e40f5fdc043e5c7ca04e0e25eed35c32c3c32e28697c553fa6d9",
    "https://deno.land/std@0.168.0/async/mux_async_iterator.ts": "770a0ff26c59f8bbbda6b703a2235f04e379f73238e8d66a087edc68c2a2c35f",
    "https://deno.land/std@0.168.0/async/pool.ts": "6854d8cd675a74c73391c82005cbbe4cc58183bddcd1fbbd7c2bcda42b61cf69",
    "https://deno.land/std@0.168.0/async/retry.ts": "e8e5173623915bbc0ddc537698fa418cf875456c347eda1ed453528645b42e67",
    "https://deno.land/std@0.168.0/async/tee.ts": "3a47cc4e9a940904fd4341f0224907e199121c80b831faa5ec2b054c6d2eff5e",
    "https://deno.land/std@0.168.0/http/server.ts": "e99c1bee8a3f6571ee4cdeb2966efad465b8f6fe62bec1bdb59c1f007cc4d155",
    "https://deno.land/std@0.190.0/_util/asserts.ts": "178dfc49a464aee693a7e285567b3d0b555dc805ff490505a8aae34f9cfb1462",
    "https://deno.land/std@0.190.0/async/abortable.ts": "fd682fa46f3b7b16b4606a5ab52a7ce309434b76f820d3221bdfb862719a15d7",
    "https://deno.land/std@0.190.0/async/deadline.ts": "58f72a3cc0fcb731b2cc055ba046f4b5be3349ff6bf98f2e793c3b969354aab2",
    "https://deno.land/std@0.190.0/async/debounce.ts": "adab11d04ca38d699444ac8a9d9856b4155e8dda2afd07ce78276c01ea5a4332",
    "https://deno.land/std@0.190.0/async/deferred.ts": "42790112f36a75a57db4a96d33974a936deb7b04d25c6084a9fa8a49f135def8",
    "https://deno.land/std@0.190.0/async/delay.ts": "73aa04cec034c84fc748c7be49bb15cac3dd43a57174bfdb7a4aec22c248f0dd",
    "https://deno.land/std@0.190.0/async/mod.ts": "f04344fa21738e5ad6bea37a6bfffd57c617c2d372bb9f9dcfd118a1b622e576",
    "https://deno.land/std@0.190.0/async/mux_async_iterator.ts": "70c7f2ee4e9466161350473ad61cac0b9f115cff4c552eaa7ef9d50c4cbb4cc9",
    "https://deno.land/std@0.190.0/async/pool.ts": "f1b8d3df4d7fd3c73f8cbc91cc2e8b8e950910f1eab94230b443944d7584c657",
    "https://deno.land/std@0.190.0/async/retry.ts": "c9248325ec08cc2cceb7618472e77589a51a25cee460e07b6096be34966c2ead",
    "https://deno.land/std@0.190.0/async/tee.ts": "47e42d35f622650b02234d43803d0383a89eb4387e1b83b5a40106d18ae36757",
    "https://deno.land/std@0.190.0/http/server.ts": "1b23463b5b36e4eebc495417f6af47a6f7d52e3294827a1226d2a1aab23d9d20",
    "https://deno.land/std@0.224.0/assert/_constants.ts": "a271e8ef5a573f1df8e822a6eb9d09df064ad66a4390f21b3e31f820a38e0975",
    "https://deno.land/std@0.224.0/assert/assert.ts": "09d30564c09de846855b7b071e62b5974b001bb72a4b797958fe0660e7849834",
    "https://deno.land/std@0.224.0/assert/assert_almost_equals.ts": "9e416114322012c9a21fa68e187637ce2d7df25bcbdbfd957cd639e65d3cf293",
    "https://deno.land/std@0.224.0/assert/assert_array_includes.ts": "14c5094471bc8e4a7895fc6aa5a184300d8a1879606574cb1cd715ef36a4a3c7",
    "https://deno.land/std@0.224.0/assert/assert_equals.ts": "3bbca947d85b9d374a108687b1a8ba3785a7850436b5a8930d81f34a32cb8c74",
    "https://deno.land/std@0.224.0/assert/assert_exists.ts": "43420cf7f956748ae6ed1230646567b3593cb7a36c5a5327269279c870c5ddfd",
    "https://deno.land/std@0.224.0/assert/assert_false.ts": "3e9be8e33275db00d952e9acb0cd29481a44fa0a4af6d37239ff58d79e8edeff",
    "https://deno.land/std@0.224.0/assert/assert_greater.ts": "5e57b201fd51b64ced36c828e3dfd773412c1a6120c1a5a99066c9b261974e46",
    "https://deno.land/std@0.224.0/assert/assert_greater_or_equal.ts": "9870030f997a08361b6f63400273c2fb1856f5db86c0c3852aab2a002e425c5b",
    "https://deno.land/std@0.224.0/assert/assert_instance_of.ts": "e22343c1fdcacfaea8f37784ad782683ec1cf599ae9b1b618954e9c22f376f2c",
    "https://deno.land/std@0.224.0/assert/assert_is_error.ts": "f856b3bc978a7aa6a601f3fec6603491ab6255118afa6baa84b04426dd3cc491",
    "https://deno.land/std@0.224.0/assert/assert_less.ts": "60b61e13a1982865a72726a5fa86c24fad7eb27c3c08b13883fb68882b307f68",
    "https://deno.land/std@0.224.0/assert/assert_less_or_equal.ts": "d2c84e17faba4afe085e6c9123a63395accf4f9e00150db899c46e67420e0ec3",
    "https://deno.land/std@0.224.0/assert/assert_match.ts": "ace1710dd3b2811c391946954234b5da910c5665aed817943d086d4d4871a8b7",
    "https://deno.land/std@0.224.0/assert/assert_not_equals.ts": "78d45dd46133d76ce624b2c6c09392f6110f0df9b73f911d20208a68dee2ef29",
    "https://deno.land/std@0.224.0/assert/assert_not_instance_of.ts": "3434a669b4d20cdcc5359779301a0588f941ffdc2ad68803c31eabdb4890cf7a",
    "https://deno.land/std@0.224.0/assert/assert_not_match.ts": "df30417240aa2d35b1ea44df7e541991348a063d9ee823430e0b58079a72242a",
    "https://deno.land/std@0.224.0/assert/assert_not_strict_equals.ts": "37f73880bd672709373d6dc2c5f148691119bed161f3020fff3548a0496f71b8",
    "https://deno.land/std@0.224.0/assert/assert_object_match.ts": "411450fd194fdaabc0089ae68f916b545a49d7b7e6d0026e84a54c9e7eed2693",
    "https://deno.land/std@0.224.0/assert/assert_rejects.ts": "4bee1d6d565a5b623146a14668da8f9eb1f026a4f338bbf92b37e43e0aa53c31",
    "https://deno.land/std@0.224.0/assert/assert_strict_equals.ts": "b4f45f0fd2e54d9029171876bd0b42dd9ed0efd8f853ab92a3f50127acfa54f5",
    "https://deno.land/std@0.224.0/assert/assert_string_includes.ts": "496b9ecad84deab72c8718735373feb6cdaa071eb91a98206f6f3cb4285e71b8",
    "https://deno.land/std@0.224.0/assert/assert_throws.ts": "c6508b2879d465898dab2798009299867e67c570d7d34c90a2d235e4553906eb",
    "https://deno.land/std@0.224.0/assert/assertion_error.ts": "ba8752bd27ebc51f723702fac2f54d3e94447598f54264a6653d6413738a8917",
    "https://deno.land/std@0.224.0/assert/equal.ts": "bddf07bb5fc718e10bb72d5dc2c36c1ce5a8bdd3b647069b6319e07af181ac47",
    "https://deno.land/std@0.224.0/assert/fail.ts": "0eba674ffb47dff083f02ced76d5130460bff1a9a68c6514ebe0cdea4abadb68",
    "https://deno.land/std@0.224.0/assert/mod.ts": "48b8cb8a619ea0b7958ad7ee9376500fe902284bb36f0e32c598c3dc34cbd6f3",
    "https://deno.land/std@0.224.0/assert/unimplemented.ts": "8c55a5793e9147b4f1ef68cd66496b7d5ba7a9e7ca30c6da070c1a58da723d73",
    "https://deno.land/std@0.224.0/assert/unreachable.ts": "5ae3dbf63ef988615b93eb08d395dda771c96546565f9e521ed86f6510c29e19",
    "https://deno.land/std@0.224.0/fmt/colors.ts": "508563c0659dd7198ba4bbf87e97f654af3c34eb56ba790260f252ad8012e1c5",
    "https://deno.land/std@0.224.0/internal/diff.ts": "6234a4b493ebe65dc67a18a0eb97ef683626a1166a1906232ce186ae9f65f4e6",
    "https://deno.land/std@0.224.0/internal/format.ts": "0a98ee226fd3d43450245b1844b47003419d34d210fa989900861c79820d21c2",
    "https://deno.land/std@0.224.0/internal/mod.ts": "534125398c8e7426183e12dc255bb635d94e06d0f93c60a297723abe69d3b22e",
    "https://deno.land/x/jose@v4.14.4/index.ts": "5e551713b783fa8658c4e09e8029ba31fc99cb3fc82e9434067708015c26eefb",
    "https://deno.land/x/jose@v4.14.4/jwe/compact/decrypt.ts": "3649ed7b978e77add955a9cbf0cf5c72e24f93ba7c4529d6566c0dd8b99373c4",
    "https://deno.land/x/jose@v4.14.4/jwe/compact/encrypt.ts": "1afcc6fa6b15cc0c6e0203b46d25628df484a360c82e973ecb5e393e7e5045e5",
    "https://deno.land/x/jose@v4.14.4/jwe/flattened/decrypt.ts": "50fb1da167c6912d86cac8db369995b14fae730e5aaf234ce7c0677759610d19",
    "https://deno.land/x/jose@v4.14.4/jwe/flattened/encrypt.ts": "4534e901d1cb74aa0033cb575af64b69d3a4612570ec3cbc19d958264d26ab40",
    "https://deno.land/x/jose@v4.14.4/jwe/general/decrypt.ts": "81df68fadf11486845ac24100fbdeab7331b5c4a5efc1469c8c6ce30139b44e5",
    "https://deno.land/x/jose@v4.14.4/jwe/general/encrypt.ts": "ad260501c583f013a393cce144060b278254c25fb5f48d37f31ccc5fdaf58e1c",
    "https://deno.land/x/jose@v4.14.4/jwk/embedded.ts": "26d27b429d4cb7d38790889bcf24c5c19fa18aa2c813d808d65e2d1f602461bb",
    "https://deno.land/x/jose@v4.14.4/jwk/thumbprint.ts": "054ed9e231f96f112cbf2765634633ddd4cd20365030d5d857e754774db80d70",
    "https://deno.land/x/jose@v4.14.4/jwks/local.ts": "af7b608e0bf6bd5a246817b9e0261d3f1cd5954cf7e35276c1b7deb00778a94b",
    "https://deno.land/x/jose@v4.14.4/jwks/remote.ts": "09a414cb2e96bc18919281944432df5e7a157c8af5455cd24d0d6fe3ac0f9b71",
    "https://deno.land/x/jose@v4.14.4/jws/compact/sign.ts": "1e88d19dc26d3ea5f2ce3da989813daf5c555d8dec6528051530f7b5a3e87bae",
    "https://deno.land/x/jose@v4.14.4/jws/compact/verify.ts": "eaf38d96a99120dc0646b4f242f46dc68282d8a6dacc804a356f60251e5f164d",
    "https://deno.land/x/jose@v4.14.4/jws/flattened/sign.ts": "be5db0e622a6c5b1e905338d33851e89e956350c9d774de50c70f30a6a156356",
    "https://deno.land/x/jose@v4.14.4/jws/flattened/verify.ts": "a33cceddfea487e08815baa81daa7577e933cf931bf4ee18ab676dec43477069",
    "https://deno.land/x/jose@v4.14.4/jws/general/sign.ts": "b40b40ce59f12dc58d30a553cb865821d8c2487513c144f608163e847d5a5375",
    "https://deno.land/x/jose@v4.14.4/jws/general/verify.ts": "358f828fe681147b2fdb37fd95fd158ab53d56094e6fc688d8e8cb1a18b4fcb6",
    "https://deno.land/x/jose@v4.14.4/jwt/decrypt.ts": "4df7341c74773f7ed98a8b906e72137701759bea3d1c0a0b9695b3424ead03b8",
    "https://deno.land/x/jose@v4.14.4/jwt/encrypt.ts": "cdba36a63f16263fc3f827a08beefbff738fea6b4bb588b9e213ff68696c7ba6",
    "https://deno.land/x/jose@v4.14.4/jwt/produce.ts": "dfe55ae98056a40be6fda924144c0656bb19c8bbf3fe35d842efe2d1545df3e4",
    "https://deno.land/x/jose@v4.14.4/jwt/sign.ts": "54d0a761056edeec428a956abd8db034a20536d87fc7b7a2d4fbf953e931aa37",
    "https://deno.land/x/jose@v4.14.4/jwt/unsecured.ts": "c829502b1bc3f6153ed550f081b9e79b6ed25e2196708b154a11e85d8036cc18",
    "https://deno.land/x/jose@v4.14.4/jwt/verify.ts": "73afafd96c7e7f008d062f4be86157f32b577d94dd40a91c6842d694c9986553",
    "https://deno.land/x/jose@v4.14.4/key/export.ts": "5addf06a10ce16bb24e630a8f0e5473eff2cbc1ac549ba29fd8ecf0610778edc",
    "https://deno.land/x/jose@v4.14.4/key/generate_key_pair.ts": "74fa98acae05f132c4e986e7a026223c4ba9729eee5a1fb94e1b8b621c3c3fc6",
    "https://deno.land/x/jose@v4.14.4/key/generate_secret.ts": "5883fb32f24d62639bc7b0c2e6cd2de2a86df74ed6c8e00126ffeb788ab66d1a",
    "https://deno.land/x/jose@v4.14.4/key/import.ts": "cdf200d1eea914677117835c36f5332924fb2e5cb6fd07594b6455b3ab0f7749",
    "https://deno.land/x/jose@v4.14.4/lib/aesgcmkw.ts": "9415c556597be41a4a2f7203fd32fb00d1f06b6b2cfef70d481acec39c7807d6",
    "https://deno.land/x/jose@v4.14.4/lib/buffer_utils.ts": "dad65c92c9baef14cd5366a4131252afa7a5b4f3a068d0244e2df8660ea2bd8e",
    "https://deno.land/x/jose@v4.14.4/lib/cek.ts": "a474becfe1c2d86fbcf3a24cdcd96274beb8d61bd17926e5f345001f39df922b",
    "https://deno.land/x/jose@v4.14.4/lib/check_iv_length.ts": "118eb531167126c8421d71a21f2cfdc10a658c933e178b33395ef3e962c54f80",
    "https://deno.land/x/jose@v4.14.4/lib/check_key_type.ts": "81f5a2c3764464d2b917a1c55c6011d312184e8c68e43bee51565c2db1b166c4",
    "https://deno.land/x/jose@v4.14.4/lib/check_p2s.ts": "2f5549e121c43019ac85a3bb3fe8cb98a397122dcaa80f3cd8bf5fcf314e1f67",
    "https://deno.land/x/jose@v4.14.4/lib/crypto_key.ts": "3da8e265080fb72be9f66a33c6aa76c7176b6162b4ae2534828822cf9c5b04e8",
    "https://deno.land/x/jose@v4.14.4/lib/decrypt_key_management.ts": "25553575fa7fb97576cd010ff7d22025b566c75f43406aba5fb0c5b9c56a2e51",
    "https://deno.land/x/jose@v4.14.4/lib/encrypt_key_management.ts": "ec08f264e7dde341171d6272e9db639ae3718cc7047b3117735ab960d9bd01d4",
    "https://deno.land/x/jose@v4.14.4/lib/epoch.ts": "cd608f73f6c100e8156c6020ec2bce6757e01759793f0d6aab23908d3d2ea933",
    "https://deno.land/x/jose@v4.14.4/lib/format_pem.ts": "b5230682e7a89609238015b77f33afd248f3e0f69bcb5895eece2f86d83100f6",
    "https://deno.land/x/jose@v4.14.4/lib/invalid_key_input.ts": "9ca81c899000c18cf1b70ab8221f39b306cc153663e748190307e284fd47ab6a",
    "https://deno.land/x/jose@v4.14.4/lib/is_disjoint.ts": "b5ea1cb260899f5cfb04f032029956e637067714a275d13be429fc53287a4b17",
    "https://deno.land/x/jose@v4.14.4/lib/is_object.ts": "43549ddc51a3b3d4c22b953b191a961fbb61fb5081e8efb88ad075afa1f4d214",
    "https://deno.land/x/jose@v4.14.4/lib/iv.ts": "4766d9ad87b478bb7344094f38c8561181b72f8678edd1b5226d1e0f9ab677fc",
    "https://deno.land/x/jose@v4.14.4/lib/jwt_claims_set.ts": "af0a315486eaef0b9c5f019d4bc74cd5cfdc7ea242a9ce696dcf8630c02a80e8",
    "https://deno.land/x/jose@v4.14.4/lib/secs.ts": "03a2f02fda0f76bf431734552a947c2916c699b904ae0d2f90a415931c30e66d",
    "https://deno.land/x/jose@v4.14.4/lib/validate_algorithms.ts": "6b20f4b5f6935cd9edcd6eb2128226144ba792eaa7c47966c666a51baf1682eb",
    "https://deno.land/x/jose@v4.14.4/lib/validate_crit.ts": "6d2b43959ddf432060505ef13af32cb1bf0daff815ef1eae4d7971629566a695",
    "https://deno.land/x/jose@v4.14.4/runtime/aeskw.ts": "a9bd412c6d07b2606520972671a545cdb205f79f0a2e9ec0fb145fb2147319e1",
    "https://deno.land/x/jose@v4.14.4/runtime/asn1.ts": "7fbd7affe92faac7e10c571f727ef819824ebd68058c6a1e0323ced7a26777ac",
    "https://deno.land/x/jose@v4.14.4/runtime/base64url.ts": "74ecb18b90de56bcc4424b6c911cfe49b56dd4a316978f5c8ee9a23560069636",
    "https://deno.land/x/jose@v4.14.4/runtime/bogus.ts": "4f1c967b0d9b4e7105e16ad8c173da55708f377ee5e201d8ee5fc613f3417f08",
    "https://deno.land/x/jose@v4.14.4/runtime/check_cek_length.ts": "2ee093fcb273602449ed7863ab6bd4dd2a7aeff99507e0573e3cd4b8d8099e5d",
    "https://deno.land/x/jose@v4.14.4/runtime/check_key_length.ts": "5656870cc4460602775134280bf46f17e27100b237bdb5c687aceabeffc8f2a2",
    "https://deno.land/x/jose@v4.14.4/runtime/decrypt.ts": "fc24eadefce13095a4012972a1552f148d9d12d8ed7d1f17ed7c87e00810335f",
    "https://deno.land/x/jose@v4.14.4/runtime/digest.ts": "cee73fad56ce596ffedc56811d174ab413e7981eb847eb67c0e77f213cc2ac2d",
    "https://deno.land/x/jose@v4.14.4/runtime/ecdhes.ts": "74a6f43dde87736179d814312b010087bea0c834f51adc9a93f79664f78cb75f",
    "https://deno.land/x/jose@v4.14.4/runtime/encrypt.ts": "50d400ab152e2d66bffccf7473545097dd69894bc05508530260c8bc0d811638",
    "https://deno.land/x/jose@v4.14.4/runtime/fetch_jwks.ts": "34b71aa6bbd51984d1009792499ea17133dcb11bf2f2d8fba60e8090d900fc20",
    "https://deno.land/x/jose@v4.14.4/runtime/generate.ts": "bc25cf20301cfd6feabb56847e3d5fbe2fc8c11c82e6ad942d27c21fa1f863f0",
    "https://deno.land/x/jose@v4.14.4/runtime/get_sign_verify_key.ts": "f08a086524491a54fb2a0e203819d4ca2b193444aecf6dfbaf6d400431cb439c",
    "https://deno.land/x/jose@v4.14.4/runtime/is_key_like.ts": "d9660a40820d254843721a53b51eb94a4db39a1ee36103ea8c28e2cc2207599b",
    "https://deno.land/x/jose@v4.14.4/runtime/jwk_to_key.ts": "3779cb38ea2857b37f378a45d6b27651eb672f398ddae16cd1fb2aacaa451df5",
    "https://deno.land/x/jose@v4.14.4/runtime/key_to_jwk.ts": "2af6f52abbe59316fa96771da48538c8f718b6fdd8703d185f8a87ef44c0f064",
    "https://deno.land/x/jose@v4.14.4/runtime/pbes2kw.ts": "1c424aade1ef8c69f0b9db635ff04d873f7c1b2615c7fbef49ee053704912e9d",
    "https://deno.land/x/jose@v4.14.4/runtime/random.ts": "3e9c8d08208e5dc186ae659535f0018303ff3b56615335bf0dfb5904fe36aab7",
    "https://deno.land/x/jose@v4.14.4/runtime/rsaes.ts": "124b6e87d8569b39d6f550b371303c79e9eb28aa0d9b14025eeaffe50282c987",
    "https://deno.land/x/jose@v4.14.4/runtime/sign.ts": "1524f8855538ca5fd607cd681f804ba421b0ec58f562118f3c635324ba053f90",
    "https://deno.land/x/jose@v4.14.4/runtime/subtle_dsa.ts": "bab28945afd1aac19d3142a70f0c44c4b283b581d33cf8e1234889b58338e80d",
    "https://deno.land/x/jose@v4.14.4/runtime/subtle_rsaes.ts": "26147da83932ebf7266d69ddd408f269395de05ddde64ba4e1585571bb61bd93",
    "https://deno.land/x/jose@v4.14.4/runtime/timing_safe_equal.ts": "fc5b3f4132cec56630eac4677fef2b519707a9c6a257f8ae86515b0d86ff5f6b",
    "https://deno.land/x/jose@v4.14.4/runtime/verify.ts": "d391e2286b47485247b475016c66999f5146a1cf8331115385a9ba629251c15e",
    "https://deno.land/x/jose@v4.14.4/runtime/webcrypto.ts": "3365b7d62eaa7e6befe5e2f4f67aa7859805c41b87064433b6e70f94501aa36e",
    "https://deno.land/x/jose@v4.14.4/runtime/zlib.ts": "74a4c85d1a6e523282ae927412d58e6789a8d7264b4e966a7df800a97f28a1e1",
    "https://deno.land/x/jose@v4.14.4/util/base64url.ts": "d2567042684de8bf1e4f1ad67be40ab343ee192ddf1cf12ff1d940d6c1fa2bcb",
    "https://deno.land/x/jose@v4.14.4/util/decode_jwt.ts": "704e28d29feeadfa331259caae66951b5d4c62b0c6ee23c62f70b47db978cd1a",
    "https://deno.land/x/jose@v4.14.4/util/decode_protected_header.ts": "546eac15dd97d267373cb3d8d9a94ad03481f1328c4457560ffde9a5a595ebe8",
    "https://deno.land/x/jose@v4.14.4/util/errors.ts": "107a41f79bd8a226c836080f617809cd148e00112fdadc0e15c3a6079da02f5d",
    "https://esm.sh/@supabase/auth-js@2.64.4/denonext/auth-js.mjs": "a72d41796602ae950f8b7b980a629ccb4ac45376f0e510503c7a5e16019f4362",
    "https://esm.sh/@supabase/auth-js@2.69.1/denonext/auth-js.mjs": "fb31c3925437753f5a8a90fc57ea24dc5b68b2b295e696123b1b6a635b7b3ada",
    "https://esm.sh/@supabase/functions-js@2.4.1/denonext/functions-js.mjs": "0dfa81270bba8ae5af371b273a564203b4625b3a18e70774235b0b46ef40d940",
    "https://esm.sh/@supabase/functions-js@2.4.4/denonext/functions-js.mjs": "7adeb257410ef3c4a8a1eb9b4ff416c0075d1c32860ca04913c8a9dace1de6a6",
    "https://esm.sh/@supabase/node-fetch@2.6.15/denonext/node-fetch.mjs": "0bae9052231f4f6dbccc7234d05ea96923dbf967be12f402764580b6bf9f713d",
    "https://esm.sh/@supabase/node-fetch@2.6.15?target=denonext": "4d28c4ad97328403184353f68434f2b6973971507919e9150297413664919cf3",
    "https://esm.sh/@supabase/postgrest-js@1.15.8/denonext/postgrest-js.mjs": "e38ab1fbd1d7ed325e3ddc20c72001d3653151c3d3be3455d682b141321a345d",
    "https://esm.sh/@supabase/postgrest-js@1.19.4/denonext/postgrest-js.mjs": "2073b5552ba10c7a8302bffffae771e3aede1daf833382355dae239fb0ab2576",
    "https://esm.sh/@supabase/realtime-js@2.10.2/denonext/realtime-js.mjs": "3a5a350e881736135ec1bd8c4361c96edeb647d3c56be7cf3a68eddfaf3ce242",
    "https://esm.sh/@supabase/realtime-js@2.11.2/denonext/realtime-js.mjs": "c33ac375b6be89c893f9df844d2525a4ace015a35aa6ba236270d00c6605c7ba",
    "https://esm.sh/@supabase/storage-js@2.6.0/denonext/storage-js.mjs": "d3f8b6f5f538cd0d8f88ed0248c3b5dc845d9ca41500589e19fbfc734c8952de",
    "https://esm.sh/@supabase/storage-js@2.7.1/denonext/storage-js.mjs": "73ac8cdc95cfcd794fe603dbd7ce06d539ab51538ae6467eabe0f9cc26c993aa",
    "https://esm.sh/@supabase/supabase-js@2.39.8": "5cb81f5217dda9564abd7d7d6211484d30441d41a113954d5904bcd0ef1007e0",
    "https://esm.sh/@supabase/supabase-js@2.45.0": "36ae57c3f2dc3f94fd122a846b40a87114d29bb2f47e910cb46bee5575febf2e",
    "https://esm.sh/@supabase/supabase-js@2.45.0/denonext/supabase-js.mjs": "59c4845d0798118ff097b3295b5a6f3ef63d18ff4a31bf8125e91b467e0be7a6",
    "https://esm.sh/@supabase/supabase-js@2.49.8": "fd72c6e822ed41d5fe7ad3bbe3a48420abbb21a579c73d532b36a6467f5b5f7d",
    "https://esm.sh/@supabase/supabase-js@2.49.8/denonext/supabase-js.mjs": "092ddc9030b46128e54ae6716a2356048015cdb98dc28eb26e60fa315a5d7a2a",
    "https://esm.sh/bcryptjs@2.4.3": "49851f367e562ad6e108c851ced8948944ea392fd46e576f7fdb1eb9e1ffddf0",
    "https://esm.sh/bcryptjs@2.4.3/denonext/bcryptjs.mjs": "9d279bcfd8fd013700f34970b16c988d123ddaba4adfcf5fa879bc965a61df6c",
    "https://esm.sh/bufferutil@4.1.0/denonext/bufferutil.mjs": "9b6e81087bdc57848ad1de1f8618ebbace98ebd9ff6cab51260b48c2a045a9c9",
    "https://esm.sh/bufferutil@4.1.0?target=denonext": "aaa2a112199593ccc40da1aedf5124779862ea166afb0a8529f04f907001428a",
    "https://esm.sh/node-gyp-build@4.8.4/denonext/node-gyp-build.mjs": "9a86f2d044fc77bd60aaa3d697c2ba1b818da5fb1b9aaeedec59a40b8e908803",
    "https://esm.sh/node-gyp-build@4.8.4?target=denonext": "261a6cedf1fdbf159798141ba1e2311ac1510682c5c8b55dacc8cf5fdee4aa06",
    "https://esm.sh/tr46@0.0.3/denonext/tr46.mjs": "5753ec0a99414f4055f0c1f97691100f13d88e48a8443b00aebb90a512785fa2",
    "https://esm.sh/tr46@0.0.3?target=denonext": "19cb9be0f0d418a0c3abb81f2df31f080e9540a04e43b0f699bce1149cba0cbb",
    "https://esm.sh/utf-8-validate@6.0.6/denonext/utf-8-validate.mjs": "4a41983aa887625615f52a52b53c223d8f16c74e52a6bd41b2c361894c07f878",
    "https://esm.sh/utf-8-validate@6.0.6?target=denonext": "8afa4e097093160323f232f971ca61474d22ccafdac8025e4e4f66ab4e07b2c4",
    "https://esm.sh/webidl-conversions@3.0.1/denonext/webidl-conversions.mjs": "238cd0743827707cbc1c2d7c2cf1027dbc536fb53ec9a3fde0ff8026a3ac5385",
    "https://esm.sh/webidl-conversions@3.0.1?target=denonext": "4e20318d50528084616c79d7b3f6e7f0fe7b6d09013bd01b3974d7448d767e29",
    "https://esm.sh/whatwg-url@5.0.0/denonext/whatwg-url.mjs": "29b16d74ee72624c915745bbd25b617cfd2248c6af0f5120d131e232a9a9af79",
    "https://esm.sh/whatwg-url@5.0.0?target=denonext": "f001a2cadf81312d214ca330033f474e74d81a003e21e8c5d70a1f46dc97b02d",
    "https://esm.sh/ws@8.21.0/denonext/ws.mjs": "2123ca54b24f3afe1eaf408d9e6b39147b05cda4c3c0c7773465e44c86964671",
    "https://esm.sh/ws@8.21.0?target=denonext": "bbe46738716c3f43e77c16cd757403a4a9e8bcca1559f405c06fe59e5b6f3de5",
    "https://esm.sh/ws@8.21.1/denonext/ws.mjs": "86c1eebe2aa1986ecc6d2100b4536cc313cb6d9d42d576006cf7885c3f4f9e57",
    "https://esm.sh/ws@8.21.1?target=denonext": "3a1d32b4630d83964af0d2650763f0830a41c5bcc6ff33971babfb56ade6ea5a"
  },
  "workspace": {
    "packageJson": {
      "dependencies": [
        "npm:@aws-sdk/client-s3@^3.1075.0",
        "npm:@aws-sdk/s3-request-presigner@^3.1075.0",
        "npm:@dnd-kit/core@^6.3.1",
        "npm:@dnd-kit/sortable@10",
        "npm:@dnd-kit/utilities@^3.2.2",
        "npm:@dyad-sh/react-vite-component-tagger@0.9",
        "npm:@eslint/js@^9.32.0",
        "npm:@hookform/resolvers@3.9.1",
        "npm:@radix-ui/react-alert-dialog@^1.1.14",
        "npm:@radix-ui/react-avatar@^1.1.10",
        "npm:@radix-ui/react-checkbox@^1.3.2",
        "npm:@radix-ui/react-dialog@^1.1.14",
        "npm:@radix-ui/react-dropdown-menu@^2.1.15",
        "npm:@radix-ui/react-label@^2.1.7",
        "npm:@radix-ui/react-popover@^1.1.14",
        "npm:@radix-ui/react-radio-group@^1.3.7",
        "npm:@radix-ui/react-scroll-area@^1.2.9",
        "npm:@radix-ui/react-select@^2.2.5",
        "npm:@radix-ui/react-separator@^1.1.7",
        "npm:@radix-ui/react-slider@^1.3.5",
        "npm:@radix-ui/react-slot@^1.2.3",
        "npm:@radix-ui/react-switch@^1.2.5",
        "npm:@radix-ui/react-tabs@^1.1.12",
        "npm:@radix-ui/react-toggle-group@^1.1.10",
        "npm:@radix-ui/react-toggle@^1.1.9",
        "npm:@radix-ui/react-tooltip@^1.2.7",
        "npm:@react-pdf/renderer@^4.3.1",
        "npm:@supabase/supabase-js@^2.76.1",
        "npm:@tailwindcss/typography@~0.5.16",
        "npm:@tanstack/react-query@^5.83.0",
        "npm:@testing-library/dom@^10.4.1",
        "npm:@testing-library/jest-dom@^6.9.1",
        "npm:@testing-library/react@^16.3.2",
        "npm:@testing-library/user-event@^14.6.1",
        "npm:@tiptap/core@^2.27.1",
        "npm:@tiptap/extension-character-count@^2.27.1",
        "npm:@tiptap/extension-color@^2.27.1",
        "npm:@tiptap/extension-highlight@^2.27.1",
        "npm:@tiptap/extension-image@^2.27.1",
        "npm:@tiptap/extension-link@^2.27.1",
        "npm:@tiptap/extension-mention@^2.27.1",
        "npm:@tiptap/extension-placeholder@^2.4.0",
        "npm:@tiptap/extension-subscript@^2.27.1",
        "npm:@tiptap/extension-superscript@^2.27.1",
        "npm:@tiptap/extension-table-cell@^2.27.1",
        "npm:@tiptap/extension-table-header@^2.27.1",
        "npm:@tiptap/extension-table-row@^2.27.1",
        "npm:@tiptap/extension-table@^2.27.1",
        "npm:@tiptap/extension-task-item@^2.27.1",
        "npm:@tiptap/extension-task-list@^2.27.1",
        "npm:@tiptap/extension-text-align@^2.27.1",
        "npm:@tiptap/extension-text-style@^2.27.1",
        "npm:@tiptap/extension-typography@^2.27.1",
        "npm:@tiptap/extension-underline@^2.27.1",
        "npm:@tiptap/react@^2.4.0",
        "npm:@tiptap/starter-kit@^2.4.0",
        "npm:@tiptap/suggestion@^2.27.1",
        "npm:@types/canvas-confetti@^1.9.0",
        "npm:@types/d3-force@^3.0.10",
        "npm:@types/node@^24.13.3",
        "npm:@types/react-dom@^18.3.7",
        "npm:@types/react@^18.3.23",
        "npm:@vitejs/plugin-react@^6.0.3",
        "npm:@vitest/coverage-v8@4.1.10",
        "npm:@zxing/browser@~0.2.1",
        "npm:@zxing/library@0.23",
        "npm:autoprefixer@^10.4.21",
        "npm:canvas-confetti@^1.9.4",
        "npm:class-variance-authority@~0.7.1",
        "npm:clsx@^2.1.1",
        "npm:cmdk@^1.1.1",
        "npm:d3-force@3",
        "npm:date-fns@^3.6.0",
        "npm:eslint-plugin-react-hooks@^5.2.0",
        "npm:eslint-plugin-react-refresh@~0.4.20",
        "npm:eslint@^9.32.0",
        "npm:firebase@^12.14.0",
        "npm:framer-motion@12.42.2",
        "npm:globals@^15.15.0",
        "npm:html2canvas@^1.4.1",
        "npm:input-otp@^1.4.2",
        "npm:jsdom@^28.1.0",
        "npm:lucide-react@0.462",
        "npm:mammoth@^1.11.0",
        "npm:mermaid@^11.12.2",
        "npm:next-themes@0.3",
        "npm:pdfjs-dist@^6.0.227",
        "npm:postcss@^8.5.6",
        "npm:react-day-picker@^8.10.1",
        "npm:react-dom@^18.3.1",
        "npm:react-force-graph-2d@^1.29.0",
        "npm:react-hook-form@7.61.1",
        "npm:react-is@^18.3.1",
        "npm:react-markdown@^10.1.0",
        "npm:react-router-dom@^6.30.1",
        "npm:react-zoom-pan-pinch@^3.7.0",
        "npm:react@^18.3.1",
        "npm:reactflow@^11.11.4",
        "npm:recharts@^3.9.2",
        "npm:remark-gfm@^4.0.1",
        "npm:sonner@^1.7.4",
        "npm:tailwind-merge@^2.6.0",
        "npm:tailwindcss-animate@^1.0.7",
        "npm:tailwindcss@^3.4.17",
        "npm:tippy.js@^6.3.7",
        "npm:typescript-eslint@^8.38.0",
        "npm:typescript@^5.8.3",
        "npm:vaul@~0.9.9",
        "npm:vite@^8.1.4",
        "npm:vitest@4.1.10",
        "npm:ws@^8.18.3",
        "npm:zod@^3.25.76"
      ]
    }
  }
}
